{
  "name": "jsonTranslate",
<<<<<<< Updated upstream
=======
  "version": "1.0.0",
>>>>>>> Stashed changes
  "lockfileVersion": 2,
  "requires": true,
  "packages": {
    "": {
<<<<<<< Updated upstream
      "dependencies": {
        "node": "npm:undefined@*"
      }
    },
    "node_modules/node": {}
  },
  "dependencies": {
    "node": {}
=======
      "version": "1.0.0",
      "license": "ISC",
      "dependencies": {
        "express": "npm:undefined@*"
      }
    },
    "node_modules/express": {}
  },
  "dependencies": {
    "express": {}
>>>>>>> Stashed changes
  }
}
